
Microsoft Visual Studio Solution File, Format Version 12.00
# Visual Studio Version 17
VisualStudioVersion = 17.7.34031.279
MinimumVisualStudioVersion = 10.0.40219.1
Project("{FAE04EC0-301F-11D3-BF4B-00C04F79EFBC}") = "21110635_LeHoangMinhTai_QLSV", "21110635_LeHoangMinhTai_QLSV\21110635_LeHoangMinhTai_QLSV.csproj", "{DBFC49CE-C23E-45BF-850D-E749F0102457}"
EndProject
Global
	GlobalSection(SolutionConfigurationPlatforms) = preSolution
		Debug|Any CPU = Debug|Any CPU
		Release|Any CPU = Release|Any CPU
	EndGlobalSection
	GlobalSection(ProjectConfigurationPlatforms) = postSolution
		{DBFC49CE-C23E-45BF-850D-E749F0102457}.Debug|Any CPU.ActiveCfg = Debug|Any CPU
		{DBFC49CE-C23E-45BF-850D-E749F0102457}.Debug|Any CPU.Build.0 = Debug|Any CPU
		{DBFC49CE-C23E-45BF-850D-E749F0102457}.Release|Any CPU.ActiveCfg = Release|Any CPU
		{DBFC49CE-C23E-45BF-850D-E749F0102457}.Release|Any CPU.Build.0 = Release|Any CPU
	EndGlobalSection
	GlobalSection(SolutionProperties) = preSolution
		HideSolutionNode = FALSE
	EndGlobalSection
	GlobalSection(ExtensibilityGlobals) = postSolution
		SolutionGuid = {0DDA781C-A6A3-42A5-8FEC-26B9BCB0AD8D}
	EndGlobalSection
EndGlobal
